
Microsoft Visual Studio Solution File, Format Version 12.00
# Visual Studio Version 17
VisualStudioVersion = 17.4.33205.214
MinimumVisualStudioVersion = 10.0.40219.1
Project("{FAE04EC0-301F-11D3-BF4B-00C04F79EFBC}") = "WSR5", "WSR5\WSR5.csproj", "{5CC1CD44-C387-4F07-A569-E005C210A38C}"
EndProject
Global
	GlobalSection(SolutionConfigurationPlatforms) = preSolution
		Debug|Any CPU = Debug|Any CPU
		Release|Any CPU = Release|Any CPU
	EndGlobalSection
	GlobalSection(ProjectConfigurationPlatforms) = postSolution
		{5CC1CD44-C387-4F07-A569-E005C210A38C}.Debug|Any CPU.ActiveCfg = Debug|Any CPU
		{5CC1CD44-C387-4F07-A569-E005C210A38C}.Debug|Any CPU.Build.0 = Debug|Any CPU
		{5CC1CD44-C387-4F07-A569-E005C210A38C}.Release|Any CPU.ActiveCfg = Release|Any CPU
		{5CC1CD44-C387-4F07-A569-E005C210A38C}.Release|Any CPU.Build.0 = Release|Any CPU
	EndGlobalSection
	GlobalSection(SolutionProperties) = preSolution
		HideSolutionNode = FALSE
	EndGlobalSection
	GlobalSection(ExtensibilityGlobals) = postSolution
		SolutionGuid = {BAFCCCC5-5E0A-4640-AD9B-A09BAD5FB6D2}
	EndGlobalSection
EndGlobal
